// !$*UTF8*$!
{
	archiveVersion = 1;
	classes = {
	};
	objectVersion = 50;
	objects = {

/* Begin PBXBuildFile section */
		FAAE7A3F24BEA02D0053B4B0 /* AppDelegate.swift in Sources */ = {isa = PBXBuildFile; fileRef = FAAE7A3E24BEA02D0053B4B0 /* AppDelegate.swift */; };
		FAAE7A4124BEA02D0053B4B0 /* ViewController.swift in Sources */ = {isa = PBXBuildFile; fileRef = FAAE7A4024BEA02D0053B4B0 /* ViewController.swift */; };
		FAAE7A4424BEA02D0053B4B0 /* CoreDataTest.xcdatamodeld in Sources */ = {isa = PBXBuildFile; fileRef = FAAE7A4224BEA02D0053B4B0 /* CoreDataTest.xcdatamodeld */; };
		FAAE7A4624BEA02E0053B4B0 /* Assets.xcassets in Resources */ = {isa = PBXBuildFile; fileRef = FAAE7A4524BEA02E0053B4B0 /* Assets.xcassets */; };
		FAAE7A4924BEA02E0053B4B0 /* Main.storyboard in Resources */ = {isa = PBXBuildFile; fileRef = FAAE7A4724BEA02E0053B4B0 /* Main.storyboard */; };
		FAAE7A5524BEA0B10053B4B0 /* Test2+CoreDataClass.swift in Sources */ = {isa = PBXBuildFile; fileRef = FAAE7A5124BEA0B10053B4B0 /* Test2+CoreDataClass.swift */; };
		FAAE7A5624BEA0B10053B4B0 /* Test2+CoreDataProperties.swift in Sources */ = {isa = PBXBuildFile; fileRef = FAAE7A5224BEA0B10053B4B0 /* Test2+CoreDataProperties.swift */; };
		FAAE7A5724BEA0B10053B4B0 /* Test1+CoreDataClass.swift in Sources */ = {isa = PBXBuildFile; fileRef = FAAE7A5324BEA0B10053B4B0 /* Test1+CoreDataClass.swift */; };
		FAAE7A5824BEA0B10053B4B0 /* Test1+CoreDataProperties.swift in Sources */ = {isa = PBXBuildFile; fileRef = FAAE7A5424BEA0B10053B4B0 /* Test1+CoreDataProperties.swift */; };
		FAAE7A5A24BEA1AF0053B4B0 /* DataHelper.swift in Sources */ = {isa = PBXBuildFile; fileRef = FAAE7A5924BEA1AF0053B4B0 /* DataHelper.swift */; };
		FAAE7A5C24BEB49F0053B4B0 /* README.MD in Resources */ = {isa = PBXBuildFile; fileRef = FAAE7A5B24BEB49F0053B4B0 /* README.MD */; };
/* End PBXBuildFile section */

/* Begin PBXFileReference section */
		FAAE7A3B24BEA02D0053B4B0 /* CoreDataTest.app */ = {isa = PBXFileReference; explicitFileType = wrapper.application; includeInIndex = 0; path = CoreDataTest.app; sourceTree = BUILT_PRODUCTS_DIR; };
		FAAE7A3E24BEA02D0053B4B0 /* AppDelegate.swift */ = {isa = PBXFileReference; lastKnownFileType = sourcecode.swift; path = AppDelegate.swift; sourceTree = "<group>"; };
		FAAE7A4024BEA02D0053B4B0 /* ViewController.swift */ = {isa = PBXFileReference; lastKnownFileType = sourcecode.swift; path = ViewController.swift; sourceTree = "<group>"; };
		FAAE7A4324BEA02D0053B4B0 /* CoreDataTest.xcdatamodel */ = {isa = PBXFileReference; lastKnownFileType = wrapper.xcdatamodel; path = CoreDataTest.xcdatamodel; sourceTree = "<group>"; };
		FAAE7A4524BEA02E0053B4B0 /* Assets.xcassets */ = {isa = PBXFileReference; lastKnownFileType = folder.assetcatalog; path = Assets.xcassets; sourceTree = "<group>"; };
		FAAE7A4824BEA02E0053B4B0 /* Base */ = {isa = PBXFileReference; lastKnownFileType = file.storyboard; name = Base; path = Base.lproj/Main.storyboard; sourceTree = "<group>"; };
		FAAE7A4A24BEA02E0053B4B0 /* Info.plist */ = {isa = PBXFileReference; lastKnownFileType = text.plist.xml; path = Info.plist; sourceTree = "<group>"; };
		FAAE7A4B24BEA02E0053B4B0 /* CoreDataTest.entitlements */ = {isa = PBXFileReference; lastKnownFileType = text.plist.entitlements; path = CoreDataTest.entitlements; sourceTree = "<group>"; };
		FAAE7A5124BEA0B10053B4B0 /* Test2+CoreDataClass.swift */ = {isa = PBXFileReference; lastKnownFileType = sourcecode.swift; path = "Test2+CoreDataClass.swift"; sourceTree = "<group>"; };
		FAAE7A5224BEA0B10053B4B0 /* Test2+CoreDataProperties.swift */ = {isa = PBXFileReference; lastKnownFileType = sourcecode.swift; path = "Test2+CoreDataProperties.swift"; sourceTree = "<group>"; };
		FAAE7A5324BEA0B10053B4B0 /* Test1+CoreDataClass.swift */ = {isa = PBXFileReference; lastKnownFileType = sourcecode.swift; path = "Test1+CoreDataClass.swift"; sourceTree = "<group>"; };
		FAAE7A5424BEA0B10053B4B0 /* Test1+CoreDataProperties.swift */ = {isa = PBXFileReference; lastKnownFileType = sourcecode.swift; path = "Test1+CoreDataProperties.swift"; sourceTree = "<group>"; };
		FAAE7A5924BEA1AF0053B4B0 /* DataHelper.swift */ = {isa = PBXFileReference; lastKnownFileType = sourcecode.swift; path = DataHelper.swift; sourceTree = "<group>"; };
		FAAE7A5B24BEB49F0053B4B0 /* README.MD */ = {isa = PBXFileReference; lastKnownFileType = net.daringfireball.markdown; path = README.MD; sourceTree = "<group>"; };
/* End PBXFileReference section */

/* Begin PBXFrameworksBuildPhase section */
		FAAE7A3824BEA02D0053B4B0 /* Frameworks */ = {
			isa = PBXFrameworksBuildPhase;
			buildActionMask = 2147483647;
			files = (
			);
			runOnlyForDeploymentPostprocessing = 0;
		};
/* End PBXFrameworksBuildPhase section */

/* Begin PBXGroup section */
		FAAE7A3224BEA02D0053B4B0 = {
			isa = PBXGroup;
			children = (
				FAAE7A5B24BEB49F0053B4B0 /* README.MD */,
				FAAE7A3D24BEA02D0053B4B0 /* CoreDataTest */,
				FAAE7A3C24BEA02D0053B4B0 /* Products */,
			);
			sourceTree = "<group>";
		};
		FAAE7A3C24BEA02D0053B4B0 /* Products */ = {
			isa = PBXGroup;
			children = (
				FAAE7A3B24BEA02D0053B4B0 /* CoreDataTest.app */,
			);
			name = Products;
			sourceTree = "<group>";
		};
		FAAE7A3D24BEA02D0053B4B0 /* CoreDataTest */ = {
			isa = PBXGroup;
			children = (
				FAAE7A5124BEA0B10053B4B0 /* Test2+CoreDataClass.swift */,
				FAAE7A5224BEA0B10053B4B0 /* Test2+CoreDataProperties.swift */,
				FAAE7A5324BEA0B10053B4B0 /* Test1+CoreDataClass.swift */,
				FAAE7A5424BEA0B10053B4B0 /* Test1+CoreDataProperties.swift */,
				FAAE7A3E24BEA02D0053B4B0 /* AppDelegate.swift */,
				FAAE7A5924BEA1AF0053B4B0 /* DataHelper.swift */,
				FAAE7A4024BEA02D0053B4B0 /* ViewController.swift */,
				FAAE7A4524BEA02E0053B4B0 /* Assets.xcassets */,
				FAAE7A4724BEA02E0053B4B0 /* Main.storyboard */,
				FAAE7A4A24BEA02E0053B4B0 /* Info.plist */,
				FAAE7A4B24BEA02E0053B4B0 /* CoreDataTest.entitlements */,
				FAAE7A4224BEA02D0053B4B0 /* CoreDataTest.xcdatamodeld */,
			);
			path = CoreDataTest;
			sourceTree = "<group>";
		};
/* End PBXGroup section */

/* Begin PBXNativeTarget section */
		FAAE7A3A24BEA02D0053B4B0 /* CoreDataTest */ = {
			isa = PBXNativeTarget;
			buildConfigurationList = FAAE7A4E24BEA02E0053B4B0 /* Build configuration list for PBXNativeTarget "CoreDataTest" */;
			buildPhases = (
				FAAE7A3724BEA02D0053B4B0 /* Sources */,
				FAAE7A3824BEA02D0053B4B0 /* Frameworks */,
				FAAE7A3924BEA02D0053B4B0 /* Resources */,
			);
			buildRules = (
			);
			dependencies = (
			);
			name = CoreDataTest;
			productName = CoreDataTest;
			productReference = FAAE7A3B24BEA02D0053B4B0 /* CoreDataTest.app */;
			productType = "com.apple.product-type.application";
		};
/* End PBXNativeTarget section */

/* Begin PBXProject section */
		FAAE7A3324BEA02D0053B4B0 /* Project object */ = {
			isa = PBXProject;
			attributes = {
				LastSwiftUpdateCheck = 1150;
				LastUpgradeCheck = 1150;
				ORGANIZATIONNAME = "Thomas Carroll";
				TargetAttributes = {
					FAAE7A3A24BEA02D0053B4B0 = {
						CreatedOnToolsVersion = 11.5;
					};
				};
			};
			buildConfigurationList = FAAE7A3624BEA02D0053B4B0 /* Build configuration list for PBXProject "CoreDataTest" */;
			compatibilityVersion = "Xcode 9.3";
			developmentRegion = en;
			hasScannedForEncodings = 0;
			knownRegions = (
				en,
				Base,
			);
			mainGroup = FAAE7A3224BEA02D0053B4B0;
			productRefGroup = FAAE7A3C24BEA02D0053B4B0 /* Products */;
			projectDirPath = "";
			projectRoot = "";
			targets = (
				FAAE7A3A24BEA02D0053B4B0 /* CoreDataTest */,
			);
		};
/* End PBXProject section */

/* Begin PBXResourcesBuildPhase section */
		FAAE7A3924BEA02D0053B4B0 /* Resources */ = {
			isa = PBXResourcesBuildPhase;
			buildActionMask = 2147483647;
			files = (
				FAAE7A4624BEA02E0053B4B0 /* Assets.xcassets in Resources */,
				FAAE7A4924BEA02E0053B4B0 /* Main.storyboard in Resources */,
				FAAE7A5C24BEB49F0053B4B0 /* README.MD in Resources */,
			);
			runOnlyForDeploymentPostprocessing = 0;
		};
/* End PBXResourcesBuildPhase section */

/* Begin PBXSourcesBuildPhase section */
		FAAE7A3724BEA02D0053B4B0 /* Sources */ = {
			isa = PBXSourcesBuildPhase;
			buildActionMask = 2147483647;
			files = (
				FAAE7A4124BEA02D0053B4B0 /* ViewController.swift in Sources */,
				FAAE7A5624BEA0B10053B4B0 /* Test2+CoreDataProperties.swift in Sources */,
				FAAE7A4424BEA02D0053B4B0 /* CoreDataTest.xcdatamodeld in Sources */,
				FAAE7A5524BEA0B10053B4B0 /* Test2+CoreDataClass.swift in Sources */,
				FAAE7A3F24BEA02D0053B4B0 /* AppDelegate.swift in Sources */,
				FAAE7A5A24BEA1AF0053B4B0 /* DataHelper.swift in Sources */,
				FAAE7A5824BEA0B10053B4B0 /* Test1+CoreDataProperties.swift in Sources */,
				FAAE7A5724BEA0B10053B4B0 /* Test1+CoreDataClass.swift in Sources */,
			);
			runOnlyForDeploymentPostprocessing = 0;
		};
/* End PBXSourcesBuildPhase section */

/* Begin PBXVariantGroup section */
		FAAE7A4724BEA02E0053B4B0 /* Main.storyboard */ = {
			isa = PBXVariantGroup;
			children = (
				FAAE7A4824BEA02E0053B4B0 /* Base */,
			);
			name = Main.storyboard;
			sourceTree = "<group>";
		};
/* End PBXVariantGroup section */

/* Begin XCBuildConfiguration section */
		FAAE7A4C24BEA02E0053B4B0 /* Debug */ = {
			isa = XCBuildConfiguration;
			buildSettings = {
				ALWAYS_SEARCH_USER_PATHS = NO;
				CLANG_ANALYZER_NONNULL = YES;
				CLANG_ANALYZER_NUMBER_OBJECT_CONVERSION = YES_AGGRESSIVE;
				CLANG_CXX_LANGUAGE_STANDARD = "gnu++14";
				CLANG_CXX_LIBRARY = "libc++";
				CLANG_ENABLE_MODULES = YES;
				CLANG_ENABLE_OBJC_ARC = YES;
				CLANG_ENABLE_OBJC_WEAK = YES;
				CLANG_WARN_BLOCK_CAPTURE_AUTORELEASING = YES;
				CLANG_WARN_BOOL_CONVERSION = YES;
				CLANG_WARN_COMMA = YES;
				CLANG_WARN_CONSTANT_CONVERSION = YES;
				CLANG_WARN_DEPRECATED_OBJC_IMPLEMENTATIONS = YES;
				CLANG_WARN_DIRECT_OBJC_ISA_USAGE = YES_ERROR;
				CLANG_WARN_DOCUMENTATION_COMMENTS = YES;
				CLANG_WARN_EMPTY_BODY = YES;
				CLANG_WARN_ENUM_CONVERSION = YES;
				CLANG_WARN_INFINITE_RECURSION = YES;
				CLANG_WARN_INT_CONVERSION = YES;
				CLANG_WARN_NON_LITERAL_NULL_CONVERSION = YES;
				CLANG_WARN_OBJC_IMPLICIT_RETAIN_SELF = YES;
				CLANG_WARN_OBJC_LITERAL_CONVERSION = YES;
				CLANG_WARN_OBJC_ROOT_CLASS = YES_ERROR;
				CLANG_WARN_RANGE_LOOP_ANALYSIS = YES;
				CLANG_WARN_STRICT_PROTOTYPES = YES;
				CLANG_WARN_SUSPICIOUS_MOVE = YES;
				CLANG_WARN_UNGUARDED_AVAILABILITY = YES_AGGRESSIVE;
				CLANG_WARN_UNREACHABLE_CODE = YES;
				CLANG_WARN__DUPLICATE_METHOD_MATCH = YES;
				COPY_PHASE_STRIP = NO;
				DEBUG_INFORMATION_FORMAT = dwarf;
				ENABLE_STRICT_OBJC_MSGSEND = YES;
				ENABLE_TESTABILITY = YES;
				GCC_C_LANGUAGE_STANDARD = gnu11;
				GCC_DYNAMIC_NO_PIC = NO;
				GCC_NO_COMMON_BLOCKS = YES;
				GCC_OPTIMIZATION_LEVEL = 0;
				GCC_PREPROCESSOR_DEFINITIONS = (
					"DEBUG=1",
					"$(inherited)",
				);
				GCC_WARN_64_TO_32_BIT_CONVERSION = YES;
				GCC_WARN_ABOUT_RETURN_TYPE = YES_ERROR;
				GCC_WARN_UNDECLARED_SELECTOR = YES;
				GCC_WARN_UNINITIALIZED_AUTOS = YES_AGGRESSIVE;
				GCC_WARN_UNUSED_FUNCTION = YES;
				GCC_WARN_UNUSED_VARIABLE = YES;
				MACOSX_DEPLOYMENT_TARGET = 10.15;
				MTL_ENABLE_DEBUG_INFO = INCLUDE_SOURCE;
				MTL_FAST_MATH = YES;
				ONLY_ACTIVE_ARCH = YES;
				SDKROOT = macosx;
				SWIFT_ACTIVE_COMPILATION_CONDITIONS = DEBUG;
				SWIFT_OPTIMIZATION_LEVEL = "-Onone";
			};
			name = Debug;
		};
		FAAE7A4D24BEA02E0053B4B0 /* Release */ = {
			isa = XCBuildConfiguration;
			buildSettings = {
				ALWAYS_SEARCH_USER_PATHS = NO;
				CLANG_ANALYZER_NONNULL = YES;
				CLANG_ANALYZER_NUMBER_OBJECT_CONVERSION = YES_AGGRESSIVE;
				CLANG_CXX_LANGUAGE_STANDARD = "gnu++14";
				CLANG_CXX_LIBRARY = "libc++";
				CLANG_ENABLE_MODULES = YES;
				CLANG_ENABLE_OBJC_ARC = YES;
				CLANG_ENABLE_OBJC_WEAK = YES;
				CLANG_WARN_BLOCK_CAPTURE_AUTORELEASING = YES;
				CLANG_WARN_BOOL_CONVERSION = YES;
				CLANG_WARN_COMMA = YES;
				CLANG_WARN_CONSTANT_CONVERSION = YES;
				CLANG_WARN_DEPRECATED_OBJC_IMPLEMENTATIONS = YES;
				CLANG_WARN_DIRECT_OBJC_ISA_USAGE = YES_ERROR;
				CLANG_WARN_DOCUMENTATION_COMMENTS = YES;
				CLANG_WARN_EMPTY_BODY = YES;
				CLANG_WARN_ENUM_CONVERSION = YES;
				CLANG_WARN_INFINITE_RECURSION = YES;
				CLANG_WARN_INT_CONVERSION = YES;
				CLANG_WARN_NON_LITERAL_NULL_CONVERSION = YES;
				CLANG_WARN_OBJC_IMPLICIT_RETAIN_SELF = YES;
				CLANG_WARN_OBJC_LITERAL_CONVERSION = YES;
				CLANG_WARN_OBJC_ROOT_CLASS = YES_ERROR;
				CLANG_WARN_RANGE_LOOP_ANALYSIS = YES;
				CLANG_WARN_STRICT_PROTOTYPES = YES;
				CLANG_WARN_SUSPICIOUS_MOVE = YES;
				CLANG_WARN_UNGUARDED_AVAILABILITY = YES_AGGRESSIVE;
				CLANG_WARN_UNREACHABLE_CODE = YES;
				CLANG_WARN__DUPLICATE_METHOD_MATCH = YES;
				COPY_PHASE_STRIP = NO;
				DEBUG_INFORMATION_FORMAT = "dwarf-with-dsym";
				ENABLE_NS_ASSERTIONS = NO;
				ENABLE_STRICT_OBJC_MSGSEND = YES;
				GCC_C_LANGUAGE_STANDARD = gnu11;
				GCC_NO_COMMON_BLOCKS = YES;
				GCC_WARN_64_TO_32_BIT_CONVERSION = YES;
				GCC_WARN_ABOUT_RETURN_TYPE = YES_ERROR;
				GCC_WARN_UNDECLARED_SELECTOR = YES;
				GCC_WARN_UNINITIALIZED_AUTOS = YES_AGGRESSIVE;
				GCC_WARN_UNUSED_FUNCTION = YES;
				GCC_WARN_UNUSED_VARIABLE = YES;
				MACOSX_DEPLOYMENT_TARGET = 10.15;
				MTL_ENABLE_DEBUG_INFO = NO;
				MTL_FAST_MATH = YES;
				SDKROOT = macosx;
				SWIFT_COMPILATION_MODE = wholemodule;
				SWIFT_OPTIMIZATION_LEVEL = "-O";
			};
			name = Release;
		};
		FAAE7A4F24BEA02E0053B4B0 /* Debug */ = {
			isa = XCBuildConfiguration;
			buildSettings = {
				ASSETCATALOG_COMPILER_APPICON_NAME = AppIcon;
				CODE_SIGN_ENTITLEMENTS = CoreDataTest/CoreDataTest.entitlements;
				CODE_SIGN_STYLE = Automatic;
				COMBINE_HIDPI_IMAGES = YES;
				DEVELOPMENT_TEAM = 7TBBP96QT9;
				ENABLE_HARDENED_RUNTIME = YES;
				INFOPLIST_FILE = CoreDataTest/Info.plist;
				LD_RUNPATH_SEARCH_PATHS = (
					"$(inherited)",
					"@executable_path/../Frameworks",
				);
				PRODUCT_BUNDLE_IDENTIFIER = net.carrollweb.CoreDataTest;
				PRODUCT_NAME = "$(TARGET_NAME)";
				SWIFT_VERSION = 5.0;
			};
			name = Debug;
		};
		FAAE7A5024BEA02E0053B4B0 /* Release */ = {
			isa = XCBuildConfiguration;
			buildSettings = {
				ASSETCATALOG_COMPILER_APPICON_NAME = AppIcon;
				CODE_SIGN_ENTITLEMENTS = CoreDataTest/CoreDataTest.entitlements;
				CODE_SIGN_STYLE = Automatic;
				COMBINE_HIDPI_IMAGES = YES;
				DEVELOPMENT_TEAM = 7TBBP96QT9;
				ENABLE_HARDENED_RUNTIME = YES;
				INFOPLIST_FILE = CoreDataTest/Info.plist;
				LD_RUNPATH_SEARCH_PATHS = (
					"$(inherited)",
					"@executable_path/../Frameworks",
				);
				PRODUCT_BUNDLE_IDENTIFIER = net.carrollweb.CoreDataTest;
				PRODUCT_NAME = "$(TARGET_NAME)";
				SWIFT_VERSION = 5.0;
			};
			name = Release;
		};
/* End XCBuildConfiguration section */

/* Begin XCConfigurationList section */
		FAAE7A3624BEA02D0053B4B0 /* Build configuration list for PBXProject "CoreDataTest" */ = {
			isa = XCConfigurationList;
			buildConfigurations = (
				FAAE7A4C24BEA02E0053B4B0 /* Debug */,
				FAAE7A4D24BEA02E0053B4B0 /* Release */,
			);
			defaultConfigurationIsVisible = 0;
			defaultConfigurationName = Release;
		};
		FAAE7A4E24BEA02E0053B4B0 /* Build configuration list for PBXNativeTarget "CoreDataTest" */ = {
			isa = XCConfigurationList;
			buildConfigurations = (
				FAAE7A4F24BEA02E0053B4B0 /* Debug */,
				FAAE7A5024BEA02E0053B4B0 /* Release */,
			);
			defaultConfigurationIsVisible = 0;
			defaultConfigurationName = Release;
		};
/* End XCConfigurationList section */

/* Begin XCVersionGroup section */
		FAAE7A4224BEA02D0053B4B0 /* CoreDataTest.xcdatamodeld */ = {
			isa = XCVersionGroup;
			children = (
				FAAE7A4324BEA02D0053B4B0 /* CoreDataTest.xcdatamodel */,
			);
			currentVersion = FAAE7A4324BEA02D0053B4B0 /* CoreDataTest.xcdatamodel */;
			path = CoreDataTest.xcdatamodeld;
			sourceTree = "<group>";
			versionGroupType = wrapper.xcdatamodel;
		};
/* End XCVersionGroup section */
	};
	rootObject = FAAE7A3324BEA02D0053B4B0 /* Project object */;
}
